
Microsoft Visual Studio Solution File, Format Version 12.00
# Visual Studio 15
VisualStudioVersion = 15.0.27703.2047
MinimumVisualStudioVersion = 10.0.40219.1
Project("{FAE04EC0-301F-11D3-BF4B-00C04F79EFBC}") = "Heroes.Service", "Heroes\Heroes.Service.csproj", "{AA9590E3-FCC3-420B-9BAF-DFF7BCBE7C5A}"
EndProject
Project("{FAE04EC0-301F-11D3-BF4B-00C04F79EFBC}") = "Heroes.Database", "Heroes.Database\Heroes.Database.csproj", "{50B88A6A-A4E7-4BDF-B864-D1B081FED826}"
EndProject
Project("{FAE04EC0-301F-11D3-BF4B-00C04F79EFBC}") = "Heroes.Global", "Heroes.Global\Heroes.Global.csproj", "{471DB408-0C04-473D-B7E2-14D1325EFB76}"
EndProject
Global
	GlobalSection(SolutionConfigurationPlatforms) = preSolution
		Debug|Any CPU = Debug|Any CPU
		Release|Any CPU = Release|Any CPU
	EndGlobalSection
	GlobalSection(ProjectConfigurationPlatforms) = postSolution
		{AA9590E3-FCC3-420B-9BAF-DFF7BCBE7C5A}.Debug|Any CPU.ActiveCfg = Debug|Any CPU
		{AA9590E3-FCC3-420B-9BAF-DFF7BCBE7C5A}.Debug|Any CPU.Build.0 = Debug|Any CPU
		{AA9590E3-FCC3-420B-9BAF-DFF7BCBE7C5A}.Release|Any CPU.ActiveCfg = Release|Any CPU
		{AA9590E3-FCC3-420B-9BAF-DFF7BCBE7C5A}.Release|Any CPU.Build.0 = Release|Any CPU
		{50B88A6A-A4E7-4BDF-B864-D1B081FED826}.Debug|Any CPU.ActiveCfg = Debug|Any CPU
		{50B88A6A-A4E7-4BDF-B864-D1B081FED826}.Debug|Any CPU.Build.0 = Debug|Any CPU
		{50B88A6A-A4E7-4BDF-B864-D1B081FED826}.Release|Any CPU.ActiveCfg = Release|Any CPU
		{50B88A6A-A4E7-4BDF-B864-D1B081FED826}.Release|Any CPU.Build.0 = Release|Any CPU
		{471DB408-0C04-473D-B7E2-14D1325EFB76}.Debug|Any CPU.ActiveCfg = Debug|Any CPU
		{471DB408-0C04-473D-B7E2-14D1325EFB76}.Debug|Any CPU.Build.0 = Debug|Any CPU
		{471DB408-0C04-473D-B7E2-14D1325EFB76}.Release|Any CPU.ActiveCfg = Release|Any CPU
		{471DB408-0C04-473D-B7E2-14D1325EFB76}.Release|Any CPU.Build.0 = Release|Any CPU
	EndGlobalSection
	GlobalSection(SolutionProperties) = preSolution
		HideSolutionNode = FALSE
	EndGlobalSection
	GlobalSection(ExtensibilityGlobals) = postSolution
		SolutionGuid = {FB4B4741-7015-4EA1-978C-967B83338BA1}
	EndGlobalSection
EndGlobal
